github.com/lowdit/frago v1.22.1-0.20240930160043-cb8c88dd8365 h1:RlNjhJR8SZJhN6Im7cY9Qr92J8cE29j2c0f2mWC/94c=
github.com/lowdit/frago v1.22.1-0.20240930160043-cb8c88dd8365/go.mod h1:dRC9CDJUGzTw76RChx7cR4n/j8TsLD4R7deHd9xxBxE=
github.com/lowdit/frago v1.41.0 h1:LLKPBNGTUwl5ckrSgyMDJsCCBIgdZ/JkRxrlRTwZ8QY=
github.com/lowdit/frago v1.41.0/go.mod h1:dRC9CDJUGzTw76RChx7cR4n/j8TsLD4R7deHd9xxBxE=
